// !$*UTF8*$!
{
	archiveVersion = 1;
	classes = {
	};
	objectVersion = 46;
	objects = {

/* Begin PBXBuildFile section */
		314AAA771EE6C43C0013FBB4 /* main.m in Sources */ = {isa = PBXBuildFile; fileRef = 314AAA761EE6C43C0013FBB4 /* main.m */; };
		314AAA7A1EE6C43C0013FBB4 /* AppDelegate.m in Sources */ = {isa = PBXBuildFile; fileRef = 314AAA791EE6C43C0013FBB4 /* AppDelegate.m */; };
		314AAA7D1EE6C43C0013FBB4 /* FirstViewController.m in Sources */ = {isa = PBXBuildFile; fileRef = 314AAA7C1EE6C43C0013FBB4 /* FirstViewController.m */; };
		314AAA801EE6C43C0013FBB4 /* SecondViewController.m in Sources */ = {isa = PBXBuildFile; fileRef = 314AAA7F1EE6C43C0013FBB4 /* SecondViewController.m */; };
		314AAA831EE6C43C0013FBB4 /* Main.storyboard in Resources */ = {isa = PBXBuildFile; fileRef = 314AAA811EE6C43C0013FBB4 /* Main.storyboard */; };
		314AAA851EE6C43C0013FBB4 /* Assets.xcassets in Resources */ = {isa = PBXBuildFile; fileRef = 314AAA841EE6C43C0013FBB4 /* Assets.xcassets */; };
		314AAA881EE6C43C0013FBB4 /* LaunchScreen.storyboard in Resources */ = {isa = PBXBuildFile; fileRef = 314AAA861EE6C43C0013FBB4 /* LaunchScreen.storyboard */; };
		314AAA931EE6C43C0013FBB4 /* iDrift0606Tests.m in Sources */ = {isa = PBXBuildFile; fileRef = 314AAA921EE6C43C0013FBB4 /* iDrift0606Tests.m */; };
		314AAA9E1EE6C43C0013FBB4 /* iDrift0606UITests.m in Sources */ = {isa = PBXBuildFile; fileRef = 314AAA9D1EE6C43C0013FBB4 /* iDrift0606UITests.m */; };
/* End PBXBuildFile section */

/* Begin PBXContainerItemProxy section */
		314AAA8F1EE6C43C0013FBB4 /* PBXContainerItemProxy */ = {
			isa = PBXContainerItemProxy;
			containerPortal = 314AAA6A1EE6C43C0013FBB4 /* Project object */;
			proxyType = 1;
			remoteGlobalIDString = 314AAA711EE6C43C0013FBB4;
			remoteInfo = iDrift0606;
		};
		314AAA9A1EE6C43C0013FBB4 /* PBXContainerItemProxy */ = {
			isa = PBXContainerItemProxy;
			containerPortal = 314AAA6A1EE6C43C0013FBB4 /* Project object */;
			proxyType = 1;
			remoteGlobalIDString = 314AAA711EE6C43C0013FBB4;
			remoteInfo = iDrift0606;
		};
/* End PBXContainerItemProxy section */

/* Begin PBXFileReference section */
		314AAA721EE6C43C0013FBB4 /* iDrift0606.app */ = {isa = PBXFileReference; explicitFileType = wrapper.application; includeInIndex = 0; path = iDrift0606.app; sourceTree = BUILT_PRODUCTS_DIR; };
		314AAA761EE6C43C0013FBB4 /* main.m */ = {isa = PBXFileReference; lastKnownFileType = sourcecode.c.objc; path = main.m; sourceTree = "<group>"; };
		314AAA781EE6C43C0013FBB4 /* AppDelegate.h */ = {isa = PBXFileReference; lastKnownFileType = sourcecode.c.h; path = AppDelegate.h; sourceTree = "<group>"; };
		314AAA791EE6C43C0013FBB4 /* AppDelegate.m */ = {isa = PBXFileReference; lastKnownFileType = sourcecode.c.objc; path = AppDelegate.m; sourceTree = "<group>"; };
		314AAA7B1EE6C43C0013FBB4 /* FirstViewController.h */ = {isa = PBXFileReference; lastKnownFileType = sourcecode.c.h; path = FirstViewController.h; sourceTree = "<group>"; };
		314AAA7C1EE6C43C0013FBB4 /* FirstViewController.m */ = {isa = PBXFileReference; lastKnownFileType = sourcecode.c.objc; path = FirstViewController.m; sourceTree = "<group>"; };
		314AAA7E1EE6C43C0013FBB4 /* SecondViewController.h */ = {isa = PBXFileReference; lastKnownFileType = sourcecode.c.h; path = SecondViewController.h; sourceTree = "<group>"; };
		314AAA7F1EE6C43C0013FBB4 /* SecondViewController.m */ = {isa = PBXFileReference; lastKnownFileType = sourcecode.c.objc; path = SecondViewController.m; sourceTree = "<group>"; };
		314AAA821EE6C43C0013FBB4 /* Base */ = {isa = PBXFileReference; lastKnownFileType = file.storyboard; name = Base; path = Base.lproj/Main.storyboard; sourceTree = "<group>"; };
		314AAA841EE6C43C0013FBB4 /* Assets.xcassets */ = {isa = PBXFileReference; lastKnownFileType = folder.assetcatalog; path = Assets.xcassets; sourceTree = "<group>"; };
		314AAA871EE6C43C0013FBB4 /* Base */ = {isa = PBXFileReference; lastKnownFileType = file.storyboard; name = Base; path = Base.lproj/LaunchScreen.storyboard; sourceTree = "<group>"; };
		314AAA891EE6C43C0013FBB4 /* Info.plist */ = {isa = PBXFileReference; lastKnownFileType = text.plist.xml; path = Info.plist; sourceTree = "<group>"; };
		314AAA8E1EE6C43C0013FBB4 /* iDrift0606Tests.xctest */ = {isa = PBXFileReference; explicitFileType = wrapper.cfbundle; includeInIndex = 0; path = iDrift0606Tests.xctest; sourceTree = BUILT_PRODUCTS_DIR; };
		314AAA921EE6C43C0013FBB4 /* iDrift0606Tests.m */ = {isa = PBXFileReference; lastKnownFileType = sourcecode.c.objc; path = iDrift0606Tests.m; sourceTree = "<group>"; };
		314AAA941EE6C43C0013FBB4 /* Info.plist */ = {isa = PBXFileReference; lastKnownFileType = text.plist.xml; path = Info.plist; sourceTree = "<group>"; };
		314AAA991EE6C43C0013FBB4 /* iDrift0606UITests.xctest */ = {isa = PBXFileReference; explicitFileType = wrapper.cfbundle; includeInIndex = 0; path = iDrift0606UITests.xctest; sourceTree = BUILT_PRODUCTS_DIR; };
		314AAA9D1EE6C43C0013FBB4 /* iDrift0606UITests.m */ = {isa = PBXFileReference; lastKnownFileType = sourcecode.c.objc; path = iDrift0606UITests.m; sourceTree = "<group>"; };
		314AAA9F1EE6C43C0013FBB4 /* Info.plist */ = {isa = PBXFileReference; lastKnownFileType = text.plist.xml; path = Info.plist; sourceTree = "<group>"; };
/* End PBXFileReference section */

/* Begin PBXFrameworksBuildPhase section */
		314AAA6F1EE6C43C0013FBB4 /* Frameworks */ = {
			isa = PBXFrameworksBuildPhase;
			buildActionMask = 2147483647;
			files = (
			);
			runOnlyForDeploymentPostprocessing = 0;
		};
		314AAA8B1EE6C43C0013FBB4 /* Frameworks */ = {
			isa = PBXFrameworksBuildPhase;
			buildActionMask = 2147483647;
			files = (
			);
			runOnlyForDeploymentPostprocessing = 0;
		};
		314AAA961EE6C43C0013FBB4 /* Frameworks */ = {
			isa = PBXFrameworksBuildPhase;
			buildActionMask = 2147483647;
			files = (
			);
			runOnlyForDeploymentPostprocessing = 0;
		};
/* End PBXFrameworksBuildPhase section */

/* Begin PBXGroup section */
		314AAA691EE6C43C0013FBB4 = {
			isa = PBXGroup;
			children = (
				314AAA741EE6C43C0013FBB4 /* iDrift0606 */,
				314AAA911EE6C43C0013FBB4 /* iDrift0606Tests */,
				314AAA9C1EE6C43C0013FBB4 /* iDrift0606UITests */,
				314AAA731EE6C43C0013FBB4 /* Products */,
			);
			sourceTree = "<group>";
		};
		314AAA731EE6C43C0013FBB4 /* Products */ = {
			isa = PBXGroup;
			children = (
				314AAA721EE6C43C0013FBB4 /* iDrift0606.app */,
				314AAA8E1EE6C43C0013FBB4 /* iDrift0606Tests.xctest */,
				314AAA991EE6C43C0013FBB4 /* iDrift0606UITests.xctest */,
			);
			name = Products;
			sourceTree = "<group>";
		};
		314AAA741EE6C43C0013FBB4 /* iDrift0606 */ = {
			isa = PBXGroup;
			children = (
				314AAA781EE6C43C0013FBB4 /* AppDelegate.h */,
				314AAA791EE6C43C0013FBB4 /* AppDelegate.m */,
				314AAA7B1EE6C43C0013FBB4 /* FirstViewController.h */,
				314AAA7C1EE6C43C0013FBB4 /* FirstViewController.m */,
				314AAA7E1EE6C43C0013FBB4 /* SecondViewController.h */,
				314AAA7F1EE6C43C0013FBB4 /* SecondViewController.m */,
				314AAA811EE6C43C0013FBB4 /* Main.storyboard */,
				314AAA841EE6C43C0013FBB4 /* Assets.xcassets */,
				314AAA861EE6C43C0013FBB4 /* LaunchScreen.storyboard */,
				314AAA891EE6C43C0013FBB4 /* Info.plist */,
				314AAA751EE6C43C0013FBB4 /* Supporting Files */,
			);
			path = iDrift0606;
			sourceTree = "<group>";
		};
		314AAA751EE6C43C0013FBB4 /* Supporting Files */ = {
			isa = PBXGroup;
			children = (
				314AAA761EE6C43C0013FBB4 /* main.m */,
			);
			name = "Supporting Files";
			sourceTree = "<group>";
		};
		314AAA911EE6C43C0013FBB4 /* iDrift0606Tests */ = {
			isa = PBXGroup;
			children = (
				314AAA921EE6C43C0013FBB4 /* iDrift0606Tests.m */,
				314AAA941EE6C43C0013FBB4 /* Info.plist */,
			);
			path = iDrift0606Tests;
			sourceTree = "<group>";
		};
		314AAA9C1EE6C43C0013FBB4 /* iDrift0606UITests */ = {
			isa = PBXGroup;
			children = (
				314AAA9D1EE6C43C0013FBB4 /* iDrift0606UITests.m */,
				314AAA9F1EE6C43C0013FBB4 /* Info.plist */,
			);
			path = iDrift0606UITests;
			sourceTree = "<group>";
		};
/* End PBXGroup section */

/* Begin PBXNativeTarget section */
		314AAA711EE6C43C0013FBB4 /* iDrift0606 */ = {
			isa = PBXNativeTarget;
			buildConfigurationList = 314AAAA21EE6C43C0013FBB4 /* Build configuration list for PBXNativeTarget "iDrift0606" */;
			buildPhases = (
				314AAA6E1EE6C43C0013FBB4 /* Sources */,
				314AAA6F1EE6C43C0013FBB4 /* Frameworks */,
				314AAA701EE6C43C0013FBB4 /* Resources */,
			);
			buildRules = (
			);
			dependencies = (
			);
			name = iDrift0606;
			productName = iDrift0606;
			productReference = 314AAA721EE6C43C0013FBB4 /* iDrift0606.app */;
			productType = "com.apple.product-type.application";
		};
		314AAA8D1EE6C43C0013FBB4 /* iDrift0606Tests */ = {
			isa = PBXNativeTarget;
			buildConfigurationList = 314AAAA51EE6C43C0013FBB4 /* Build configuration list for PBXNativeTarget "iDrift0606Tests" */;
			buildPhases = (
				314AAA8A1EE6C43C0013FBB4 /* Sources */,
				314AAA8B1EE6C43C0013FBB4 /* Frameworks */,
				314AAA8C1EE6C43C0013FBB4 /* Resources */,
			);
			buildRules = (
			);
			dependencies = (
				314AAA901EE6C43C0013FBB4 /* PBXTargetDependency */,
			);
			name = iDrift0606Tests;
			productName = iDrift0606Tests;
			productReference = 314AAA8E1EE6C43C0013FBB4 /* iDrift0606Tests.xctest */;
			productType = "com.apple.product-type.bundle.unit-test";
		};
		314AAA981EE6C43C0013FBB4 /* iDrift0606UITests */ = {
			isa = PBXNativeTarget;
			buildConfigurationList = 314AAAA81EE6C43C0013FBB4 /* Build configuration list for PBXNativeTarget "iDrift0606UITests" */;
			buildPhases = (
				314AAA951EE6C43C0013FBB4 /* Sources */,
				314AAA961EE6C43C0013FBB4 /* Frameworks */,
				314AAA971EE6C43C0013FBB4 /* Resources */,
			);
			buildRules = (
			);
			dependencies = (
				314AAA9B1EE6C43C0013FBB4 /* PBXTargetDependency */,
			);
			name = iDrift0606UITests;
			productName = iDrift0606UITests;
			productReference = 314AAA991EE6C43C0013FBB4 /* iDrift0606UITests.xctest */;
			productType = "com.apple.product-type.bundle.ui-testing";
		};
/* End PBXNativeTarget section */

/* Begin PBXProject section */
		314AAA6A1EE6C43C0013FBB4 /* Project object */ = {
			isa = PBXProject;
			attributes = {
				LastUpgradeCheck = 0830;
				ORGANIZATIONNAME = CarnegieMellonUniversity;
				TargetAttributes = {
					314AAA711EE6C43C0013FBB4 = {
						CreatedOnToolsVersion = 8.3.2;
						DevelopmentTeam = 9VUC3R8D65;
						ProvisioningStyle = Automatic;
					};
					314AAA8D1EE6C43C0013FBB4 = {
						CreatedOnToolsVersion = 8.3.2;
						DevelopmentTeam = 9VUC3R8D65;
						ProvisioningStyle = Automatic;
						TestTargetID = 314AAA711EE6C43C0013FBB4;
					};
					314AAA981EE6C43C0013FBB4 = {
						CreatedOnToolsVersion = 8.3.2;
						DevelopmentTeam = 9VUC3R8D65;
						ProvisioningStyle = Automatic;
						TestTargetID = 314AAA711EE6C43C0013FBB4;
					};
				};
			};
			buildConfigurationList = 314AAA6D1EE6C43C0013FBB4 /* Build configuration list for PBXProject "iDrift0606" */;
			compatibilityVersion = "Xcode 3.2";
			developmentRegion = English;
			hasScannedForEncodings = 0;
			knownRegions = (
				en,
				Base,
			);
			mainGroup = 314AAA691EE6C43C0013FBB4;
			productRefGroup = 314AAA731EE6C43C0013FBB4 /* Products */;
			projectDirPath = "";
			projectRoot = "";
			targets = (
				314AAA711EE6C43C0013FBB4 /* iDrift0606 */,
				314AAA8D1EE6C43C0013FBB4 /* iDrift0606Tests */,
				314AAA981EE6C43C0013FBB4 /* iDrift0606UITests */,
			);
		};
/* End PBXProject section */

/* Begin PBXResourcesBuildPhase section */
		314AAA701EE6C43C0013FBB4 /* Resources */ = {
			isa = PBXResourcesBuildPhase;
			buildActionMask = 2147483647;
			files = (
				314AAA881EE6C43C0013FBB4 /* LaunchScreen.storyboard in Resources */,
				314AAA851EE6C43C0013FBB4 /* Assets.xcassets in Resources */,
				314AAA831EE6C43C0013FBB4 /* Main.storyboard in Resources */,
			);
			runOnlyForDeploymentPostprocessing = 0;
		};
		314AAA8C1EE6C43C0013FBB4 /* Resources */ = {
			isa = PBXResourcesBuildPhase;
			buildActionMask = 2147483647;
			files = (
			);
			runOnlyForDeploymentPostprocessing = 0;
		};
		314AAA971EE6C43C0013FBB4 /* Resources */ = {
			isa = PBXResourcesBuildPhase;
			buildActionMask = 2147483647;
			files = (
			);
			runOnlyForDeploymentPostprocessing = 0;
		};
/* End PBXResourcesBuildPhase section */

/* Begin PBXSourcesBuildPhase section */
		314AAA6E1EE6C43C0013FBB4 /* Sources */ = {
			isa = PBXSourcesBuildPhase;
			buildActionMask = 2147483647;
			files = (
				314AAA801EE6C43C0013FBB4 /* SecondViewController.m in Sources */,
				314AAA7A1EE6C43C0013FBB4 /* AppDelegate.m in Sources */,
				314AAA7D1EE6C43C0013FBB4 /* FirstViewController.m in Sources */,
				314AAA771EE6C43C0013FBB4 /* main.m in Sources */,
			);
			runOnlyForDeploymentPostprocessing = 0;
		};
		314AAA8A1EE6C43C0013FBB4 /* Sources */ = {
			isa = PBXSourcesBuildPhase;
			buildActionMask = 2147483647;
			files = (
				314AAA931EE6C43C0013FBB4 /* iDrift0606Tests.m in Sources */,
			);
			runOnlyForDeploymentPostprocessing = 0;
		};
		314AAA951EE6C43C0013FBB4 /* Sources */ = {
			isa = PBXSourcesBuildPhase;
			buildActionMask = 2147483647;
			files = (
				314AAA9E1EE6C43C0013FBB4 /* iDrift0606UITests.m in Sources */,
			);
			runOnlyForDeploymentPostprocessing = 0;
		};
/* End PBXSourcesBuildPhase section */

/* Begin PBXTargetDependency section */
		314AAA901EE6C43C0013FBB4 /* PBXTargetDependency */ = {
			isa = PBXTargetDependency;
			target = 314AAA711EE6C43C0013FBB4 /* iDrift0606 */;
			targetProxy = 314AAA8F1EE6C43C0013FBB4 /* PBXContainerItemProxy */;
		};
		314AAA9B1EE6C43C0013FBB4 /* PBXTargetDependency */ = {
			isa = PBXTargetDependency;
			target = 314AAA711EE6C43C0013FBB4 /* iDrift0606 */;
			targetProxy = 314AAA9A1EE6C43C0013FBB4 /* PBXContainerItemProxy */;
		};
/* End PBXTargetDependency section */

/* Begin PBXVariantGroup section */
		314AAA811EE6C43C0013FBB4 /* Main.storyboard */ = {
			isa = PBXVariantGroup;
			children = (
				314AAA821EE6C43C0013FBB4 /* Base */,
			);
			name = Main.storyboard;
			sourceTree = "<group>";
		};
		314AAA861EE6C43C0013FBB4 /* LaunchScreen.storyboard */ = {
			isa = PBXVariantGroup;
			children = (
				314AAA871EE6C43C0013FBB4 /* Base */,
			);
			name = LaunchScreen.storyboard;
			sourceTree = "<group>";
		};
/* End PBXVariantGroup section */

/* Begin XCBuildConfiguration section */
		314AAAA01EE6C43C0013FBB4 /* Debug */ = {
			isa = XCBuildConfiguration;
			buildSettings = {
				ALWAYS_SEARCH_USER_PATHS = NO;
				CLANG_ANALYZER_NONNULL = YES;
				CLANG_ANALYZER_NUMBER_OBJECT_CONVERSION = YES_AGGRESSIVE;
				CLANG_CXX_LANGUAGE_STANDARD = "gnu++0x";
				CLANG_CXX_LIBRARY = "libc++";
				CLANG_ENABLE_MODULES = YES;
				CLANG_ENABLE_OBJC_ARC = YES;
				CLANG_WARN_BOOL_CONVERSION = YES;
				CLANG_WARN_CONSTANT_CONVERSION = YES;
				CLANG_WARN_DIRECT_OBJC_ISA_USAGE = YES_ERROR;
				CLANG_WARN_DOCUMENTATION_COMMENTS = YES;
				CLANG_WARN_EMPTY_BODY = YES;
				CLANG_WARN_ENUM_CONVERSION = YES;
				CLANG_WARN_INFINITE_RECURSION = YES;
				CLANG_WARN_INT_CONVERSION = YES;
				CLANG_WARN_OBJC_ROOT_CLASS = YES_ERROR;
				CLANG_WARN_SUSPICIOUS_MOVE = YES;
				CLANG_WARN_UNREACHABLE_CODE = YES;
				CLANG_WARN__DUPLICATE_METHOD_MATCH = YES;
				"CODE_SIGN_IDENTITY[sdk=iphoneos*]" = "iPhone Developer";
				COPY_PHASE_STRIP = NO;
				DEBUG_INFORMATION_FORMAT = dwarf;
				ENABLE_STRICT_OBJC_MSGSEND = YES;
				ENABLE_TESTABILITY = YES;
				GCC_C_LANGUAGE_STANDARD = gnu99;
				GCC_DYNAMIC_NO_PIC = NO;
				GCC_NO_COMMON_BLOCKS = YES;
				GCC_OPTIMIZATION_LEVEL = 0;
				GCC_PREPROCESSOR_DEFINITIONS = (
					"DEBUG=1",
					"$(inherited)",
				);
				GCC_WARN_64_TO_32_BIT_CONVERSION = YES;
				GCC_WARN_ABOUT_RETURN_TYPE = YES_ERROR;
				GCC_WARN_UNDECLARED_SELECTOR = YES;
				GCC_WARN_UNINITIALIZED_AUTOS = YES_AGGRESSIVE;
				GCC_WARN_UNUSED_FUNCTION = YES;
				GCC_WARN_UNUSED_VARIABLE = YES;
				IPHONEOS_DEPLOYMENT_TARGET = 10.3;
				MTL_ENABLE_DEBUG_INFO = YES;
				ONLY_ACTIVE_ARCH = YES;
				SDKROOT = iphoneos;
			};
			name = Debug;
		};
		314AAAA11EE6C43C0013FBB4 /* Release */ = {
			isa = XCBuildConfiguration;
			buildSettings = {
				ALWAYS_SEARCH_USER_PATHS = NO;
				CLANG_ANALYZER_NONNULL = YES;
				CLANG_ANALYZER_NUMBER_OBJECT_CONVERSION = YES_AGGRESSIVE;
				CLANG_CXX_LANGUAGE_STANDARD = "gnu++0x";
				CLANG_CXX_LIBRARY = "libc++";
				CLANG_ENABLE_MODULES = YES;
				CLANG_ENABLE_OBJC_ARC = YES;
				CLANG_WARN_BOOL_CONVERSION = YES;
				CLANG_WARN_CONSTANT_CONVERSION = YES;
				CLANG_WARN_DIRECT_OBJC_ISA_USAGE = YES_ERROR;
				CLANG_WARN_DOCUMENTATION_COMMENTS = YES;
				CLANG_WARN_EMPTY_BODY = YES;
				CLANG_WARN_ENUM_CONVERSION = YES;
				CLANG_WARN_INFINITE_RECURSION = YES;
				CLANG_WARN_INT_CONVERSION = YES;
				CLANG_WARN_OBJC_ROOT_CLASS = YES_ERROR;
				CLANG_WARN_SUSPICIOUS_MOVE = YES;
				CLANG_WARN_UNREACHABLE_CODE = YES;
				CLANG_WARN__DUPLICATE_METHOD_MATCH = YES;
				"CODE_SIGN_IDENTITY[sdk=iphoneos*]" = "iPhone Developer";
				COPY_PHASE_STRIP = NO;
				DEBUG_INFORMATION_FORMAT = "dwarf-with-dsym";
				ENABLE_NS_ASSERTIONS = NO;
				ENABLE_STRICT_OBJC_MSGSEND = YES;
				GCC_C_LANGUAGE_STANDARD = gnu99;
				GCC_NO_COMMON_BLOCKS = YES;
				GCC_WARN_64_TO_32_BIT_CONVERSION = YES;
				GCC_WARN_ABOUT_RETURN_TYPE = YES_ERROR;
				GCC_WARN_UNDECLARED_SELECTOR = YES;
				GCC_WARN_UNINITIALIZED_AUTOS = YES_AGGRESSIVE;
				GCC_WARN_UNUSED_FUNCTION = YES;
				GCC_WARN_UNUSED_VARIABLE = YES;
				IPHONEOS_DEPLOYMENT_TARGET = 10.3;
				MTL_ENABLE_DEBUG_INFO = NO;
				SDKROOT = iphoneos;
				VALIDATE_PRODUCT = YES;
			};
			name = Release;
		};
		314AAAA31EE6C43C0013FBB4 /* Debug */ = {
			isa = XCBuildConfiguration;
			buildSettings = {
				ASSETCATALOG_COMPILER_APPICON_NAME = AppIcon;
				DEVELOPMENT_TEAM = 9VUC3R8D65;
				INFOPLIST_FILE = iDrift0606/Info.plist;
				LD_RUNPATH_SEARCH_PATHS = "$(inherited) @executable_path/Frameworks";
				PRODUCT_BUNDLE_IDENTIFIER = edu.cmu.iDrift0606;
				PRODUCT_NAME = "$(TARGET_NAME)";
			};
			name = Debug;
		};
		314AAAA41EE6C43C0013FBB4 /* Release */ = {
			isa = XCBuildConfiguration;
			buildSettings = {
				ASSETCATALOG_COMPILER_APPICON_NAME = AppIcon;
				DEVELOPMENT_TEAM = 9VUC3R8D65;
				INFOPLIST_FILE = iDrift0606/Info.plist;
				LD_RUNPATH_SEARCH_PATHS = "$(inherited) @executable_path/Frameworks";
				PRODUCT_BUNDLE_IDENTIFIER = edu.cmu.iDrift0606;
				PRODUCT_NAME = "$(TARGET_NAME)";
			};
			name = Release;
		};
		314AAAA61EE6C43C0013FBB4 /* Debug */ = {
			isa = XCBuildConfiguration;
			buildSettings = {
				BUNDLE_LOADER = "$(TEST_HOST)";
				DEVELOPMENT_TEAM = 9VUC3R8D65;
				INFOPLIST_FILE = iDrift0606Tests/Info.plist;
				LD_RUNPATH_SEARCH_PATHS = "$(inherited) @executable_path/Frameworks @loader_path/Frameworks";
				PRODUCT_BUNDLE_IDENTIFIER = edu.cmu.iDrift0606Tests;
				PRODUCT_NAME = "$(TARGET_NAME)";
				TEST_HOST = "$(BUILT_PRODUCTS_DIR)/iDrift0606.app/iDrift0606";
			};
			name = Debug;
		};
		314AAAA71EE6C43C0013FBB4 /* Release */ = {
			isa = XCBuildConfiguration;
			buildSettings = {
				BUNDLE_LOADER = "$(TEST_HOST)";
				DEVELOPMENT_TEAM = 9VUC3R8D65;
				INFOPLIST_FILE = iDrift0606Tests/Info.plist;
				LD_RUNPATH_SEARCH_PATHS = "$(inherited) @executable_path/Frameworks @loader_path/Frameworks";
				PRODUCT_BUNDLE_IDENTIFIER = edu.cmu.iDrift0606Tests;
				PRODUCT_NAME = "$(TARGET_NAME)";
				TEST_HOST = "$(BUILT_PRODUCTS_DIR)/iDrift0606.app/iDrift0606";
			};
			name = Release;
		};
		314AAAA91EE6C43C0013FBB4 /* Debug */ = {
			isa = XCBuildConfiguration;
			buildSettings = {
				DEVELOPMENT_TEAM = 9VUC3R8D65;
				INFOPLIST_FILE = iDrift0606UITests/Info.plist;
				LD_RUNPATH_SEARCH_PATHS = "$(inherited) @executable_path/Frameworks @loader_path/Frameworks";
				PRODUCT_BUNDLE_IDENTIFIER = edu.cmu.iDrift0606UITests;
				PRODUCT_NAME = "$(TARGET_NAME)";
				TEST_TARGET_NAME = iDrift0606;
			};
			name = Debug;
		};
		314AAAAA1EE6C43C0013FBB4 /* Release */ = {
			isa = XCBuildConfiguration;
			buildSettings = {
				DEVELOPMENT_TEAM = 9VUC3R8D65;
				INFOPLIST_FILE = iDrift0606UITests/Info.plist;
				LD_RUNPATH_SEARCH_PATHS = "$(inherited) @executable_path/Frameworks @loader_path/Frameworks";
				PRODUCT_BUNDLE_IDENTIFIER = edu.cmu.iDrift0606UITests;
				PRODUCT_NAME = "$(TARGET_NAME)";
				TEST_TARGET_NAME = iDrift0606;
			};
			name = Release;
		};
/* End XCBuildConfiguration section */

/* Begin XCConfigurationList section */
		314AAA6D1EE6C43C0013FBB4 /* Build configuration list for PBXProject "iDrift0606" */ = {
			isa = XCConfigurationList;
			buildConfigurations = (
				314AAAA01EE6C43C0013FBB4 /* Debug */,
				314AAAA11EE6C43C0013FBB4 /* Release */,
			);
			defaultConfigurationIsVisible = 0;
			defaultConfigurationName = Release;
		};
		314AAAA21EE6C43C0013FBB4 /* Build configuration list for PBXNativeTarget "iDrift0606" */ = {
			isa = XCConfigurationList;
			buildConfigurations = (
				314AAAA31EE6C43C0013FBB4 /* Debug */,
				314AAAA41EE6C43C0013FBB4 /* Release */,
			);
			defaultConfigurationIsVisible = 0;
		};
		314AAAA51EE6C43C0013FBB4 /* Build configuration list for PBXNativeTarget "iDrift0606Tests" */ = {
			isa = XCConfigurationList;
			buildConfigurations = (
				314AAAA61EE6C43C0013FBB4 /* Debug */,
				314AAAA71EE6C43C0013FBB4 /* Release */,
			);
			defaultConfigurationIsVisible = 0;
		};
		314AAAA81EE6C43C0013FBB4 /* Build configuration list for PBXNativeTarget "iDrift0606UITests" */ = {
			isa = XCConfigurationList;
			buildConfigurations = (
				314AAAA91EE6C43C0013FBB4 /* Debug */,
				314AAAAA1EE6C43C0013FBB4 /* Release */,
			);
			defaultConfigurationIsVisible = 0;
		};
/* End XCConfigurationList section */
	};
	rootObject = 314AAA6A1EE6C43C0013FBB4 /* Project object */;
}
